schema: '2.0'
stages:
  prepare:
    cmd: C:\ProgramData\anaconda3\python.exe src/prepare.py
    deps:
    - path: data/telecomchurn.csv
      hash: md5
      md5: 070aa9c9cf9383a2cd7430794a5ea3c7
      size: 36600
    - path: src/prepare.py
      hash: md5
      md5: c63c82ac2247a3fb774c68907e7fdfda
      size: 782
    params:
      params.yaml:
        prepare:
          test_size: 0.2
          random_state: 42
    outs:
    - path: data/processed/test.csv
      hash: md5
      md5: 489a82effac74312f47939644a7a163e
      size: 6621
    - path: data/processed/train.csv
      hash: md5
      md5: 37a6463184ab7b684538be35231a3e61
      size: 26110
  train:
    cmd: C:\ProgramData\anaconda3\python.exe src/train.py
    deps:
    - path: data/processed/train.csv
      hash: md5
      md5: 37a6463184ab7b684538be35231a3e61
      size: 26110
    - path: src/train.py
      hash: md5
      md5: 2a8b5308d7ac4de78fa97d40f2223bd9
      size: 717
    params:
      params.yaml:
        train:
          model_type: random_forest
          n_estimators: 200
          max_depth: 10
          random_state: 42
    outs:
    - path: models/model.pkl
      hash: md5
      md5: ed339f860e930a0c0e58a77209fa9f13
      size: 7086695
  evaluate:
    cmd: C:\ProgramData\anaconda3\python.exe src/evaluate.py
    deps:
    - path: data/processed/test.csv
      hash: md5
      md5: 489a82effac74312f47939644a7a163e
      size: 6621
    - path: models/model.pkl
      hash: md5
      md5: ed339f860e930a0c0e58a77209fa9f13
      size: 7086695
    - path: src/evaluate.py
      hash: md5
      md5: 46c6b28396211597132dd017ba9a1cd6
      size: 927
    params:
      params.yaml:
        evaluate:
          metrics_file: metrics.json
    outs:
    - path: metrics.json
      hash: md5
      md5: bfb5ce6ba92bc1a93da95190f3aaef35
      size: 144
